// !$*UTF8*$!
{
	archiveVersion = 1;
	classes = {
	};
	objectVersion = 55;
	objects = {

/* Begin PBXBuildFile section */
		205CB54727FC5AF3004DBA8B /* AvailableTasksView.swift in Sources */ = {isa = PBXBuildFile; fileRef = 205CB54627FC5AF3004DBA8B /* AvailableTasksView.swift */; };
		20D2459C27FDC7D1006FA73B /* ContentView.swift in Sources */ = {isa = PBXBuildFile; fileRef = 20D2459B27FDC7D1006FA73B /* ContentView.swift */; };
		20D2459E27FDD4D5006FA73B /* Location.swift in Sources */ = {isa = PBXBuildFile; fileRef = 20D2459D27FDD4D5006FA73B /* Location.swift */; };
		20D245C527FE08BB006FA73B /* MapView.swift in Sources */ = {isa = PBXBuildFile; fileRef = 20D245C427FE08BB006FA73B /* MapView.swift */; };
		20DCAE1327FA2E9F00CBD253 /* VolunteerDashboard.swift in Sources */ = {isa = PBXBuildFile; fileRef = 20DCAE1227FA2E9F00CBD253 /* VolunteerDashboard.swift */; };
		20EA35A127FC91FE00E1995B /* VolunteerProfile.swift in Sources */ = {isa = PBXBuildFile; fileRef = 20EA35A027FC91FE00E1995B /* VolunteerProfile.swift */; };
		20F5572627FF643A00B0B638 /* TaskDetailView.swift in Sources */ = {isa = PBXBuildFile; fileRef = 20F5572527FF643A00B0B638 /* TaskDetailView.swift */; };
		66E4DA2F27F65FD600538B74 /* HelperApp.swift in Sources */ = {isa = PBXBuildFile; fileRef = 66E4DA2E27F65FD600538B74 /* HelperApp.swift */; };
		66E4DA3327F65FD700538B74 /* Assets.xcassets in Resources */ = {isa = PBXBuildFile; fileRef = 66E4DA3227F65FD700538B74 /* Assets.xcassets */; };
		66E4DA3627F65FD700538B74 /* Preview Assets.xcassets in Resources */ = {isa = PBXBuildFile; fileRef = 66E4DA3527F65FD700538B74 /* Preview Assets.xcassets */; };
		66E4DA4027F65FD700538B74 /* HelperTests.swift in Sources */ = {isa = PBXBuildFile; fileRef = 66E4DA3F27F65FD700538B74 /* HelperTests.swift */; };
		66E4DA4A27F65FD800538B74 /* HelperUITests.swift in Sources */ = {isa = PBXBuildFile; fileRef = 66E4DA4927F65FD800538B74 /* HelperUITests.swift */; };
		66E4DA4C27F65FD800538B74 /* HelperUITestsLaunchTests.swift in Sources */ = {isa = PBXBuildFile; fileRef = 66E4DA4B27F65FD800538B74 /* HelperUITestsLaunchTests.swift */; };
		66E89E15280CABF200A82085 /* UserData.xcdatamodeld in Sources */ = {isa = PBXBuildFile; fileRef = 66E89E13280CABF200A82085 /* UserData.xcdatamodeld */; };
		66E89E16280CABF200A82085 /* UserData.xcdatamodeld in Sources */ = {isa = PBXBuildFile; fileRef = 66E89E13280CABF200A82085 /* UserData.xcdatamodeld */; };
		66E89E17280CABF200A82085 /* UserData.xcdatamodeld in Sources */ = {isa = PBXBuildFile; fileRef = 66E89E13280CABF200A82085 /* UserData.xcdatamodeld */; };
		66E89E1A280CAC9B00A82085 /* UserModel.swift in Sources */ = {isa = PBXBuildFile; fileRef = 66E89E19280CAC9B00A82085 /* UserModel.swift */; };
		66E89E1B280CAC9B00A82085 /* UserModel.swift in Sources */ = {isa = PBXBuildFile; fileRef = 66E89E19280CAC9B00A82085 /* UserModel.swift */; };
		66E89E1C280CAC9B00A82085 /* UserModel.swift in Sources */ = {isa = PBXBuildFile; fileRef = 66E89E19280CAC9B00A82085 /* UserModel.swift */; };
		66E89E1F280CAD1B00A82085 /* UserViewModel.swift in Sources */ = {isa = PBXBuildFile; fileRef = 66E89E1E280CAD1B00A82085 /* UserViewModel.swift */; };
		66E89E20280CAD1B00A82085 /* UserViewModel.swift in Sources */ = {isa = PBXBuildFile; fileRef = 66E89E1E280CAD1B00A82085 /* UserViewModel.swift */; };
		66E89E21280CAD1B00A82085 /* UserViewModel.swift in Sources */ = {isa = PBXBuildFile; fileRef = 66E89E1E280CAD1B00A82085 /* UserViewModel.swift */; };
		66E89E23280CC40A00A82085 /* Persistence.swift in Sources */ = {isa = PBXBuildFile; fileRef = 66E89E22280CC40A00A82085 /* Persistence.swift */; };
/* End PBXBuildFile section */

/* Begin PBXContainerItemProxy section */
		66E4DA3C27F65FD700538B74 /* PBXContainerItemProxy */ = {
			isa = PBXContainerItemProxy;
			containerPortal = 66E4DA2327F65FD600538B74 /* Project object */;
			proxyType = 1;
			remoteGlobalIDString = 66E4DA2A27F65FD600538B74;
			remoteInfo = Helper;
		};
		66E4DA4627F65FD800538B74 /* PBXContainerItemProxy */ = {
			isa = PBXContainerItemProxy;
			containerPortal = 66E4DA2327F65FD600538B74 /* Project object */;
			proxyType = 1;
			remoteGlobalIDString = 66E4DA2A27F65FD600538B74;
			remoteInfo = Helper;
		};
/* End PBXContainerItemProxy section */

/* Begin PBXFileReference section */
		205CB54627FC5AF3004DBA8B /* AvailableTasksView.swift */ = {isa = PBXFileReference; lastKnownFileType = sourcecode.swift; path = AvailableTasksView.swift; sourceTree = "<group>"; };
		20D2459B27FDC7D1006FA73B /* ContentView.swift */ = {isa = PBXFileReference; lastKnownFileType = sourcecode.swift; path = ContentView.swift; sourceTree = "<group>"; };
		20D2459D27FDD4D5006FA73B /* Location.swift */ = {isa = PBXFileReference; lastKnownFileType = sourcecode.swift; path = Location.swift; sourceTree = "<group>"; };
		20D245C427FE08BB006FA73B /* MapView.swift */ = {isa = PBXFileReference; lastKnownFileType = sourcecode.swift; path = MapView.swift; sourceTree = "<group>"; };
		20DCAE1127FA1C0600CBD253 /* Info.plist */ = {isa = PBXFileReference; lastKnownFileType = text.plist; path = Info.plist; sourceTree = "<group>"; };
		20DCAE1227FA2E9F00CBD253 /* VolunteerDashboard.swift */ = {isa = PBXFileReference; lastKnownFileType = sourcecode.swift; path = VolunteerDashboard.swift; sourceTree = "<group>"; };
		20EA35A027FC91FE00E1995B /* VolunteerProfile.swift */ = {isa = PBXFileReference; lastKnownFileType = sourcecode.swift; path = VolunteerProfile.swift; sourceTree = "<group>"; };
		20F5572527FF643A00B0B638 /* TaskDetailView.swift */ = {isa = PBXFileReference; lastKnownFileType = sourcecode.swift; path = TaskDetailView.swift; sourceTree = "<group>"; };
		66E4DA2B27F65FD600538B74 /* Helper.app */ = {isa = PBXFileReference; explicitFileType = wrapper.application; includeInIndex = 0; path = Helper.app; sourceTree = BUILT_PRODUCTS_DIR; };
		66E4DA2E27F65FD600538B74 /* HelperApp.swift */ = {isa = PBXFileReference; lastKnownFileType = sourcecode.swift; path = HelperApp.swift; sourceTree = "<group>"; };
		66E4DA3227F65FD700538B74 /* Assets.xcassets */ = {isa = PBXFileReference; lastKnownFileType = folder.assetcatalog; path = Assets.xcassets; sourceTree = "<group>"; };
		66E4DA3527F65FD700538B74 /* Preview Assets.xcassets */ = {isa = PBXFileReference; lastKnownFileType = folder.assetcatalog; path = "Preview Assets.xcassets"; sourceTree = "<group>"; };
		66E4DA3B27F65FD700538B74 /* HelperTests.xctest */ = {isa = PBXFileReference; explicitFileType = wrapper.cfbundle; includeInIndex = 0; path = HelperTests.xctest; sourceTree = BUILT_PRODUCTS_DIR; };
		66E4DA3F27F65FD700538B74 /* HelperTests.swift */ = {isa = PBXFileReference; lastKnownFileType = sourcecode.swift; path = HelperTests.swift; sourceTree = "<group>"; };
		66E4DA4527F65FD800538B74 /* HelperUITests.xctest */ = {isa = PBXFileReference; explicitFileType = wrapper.cfbundle; includeInIndex = 0; path = HelperUITests.xctest; sourceTree = BUILT_PRODUCTS_DIR; };
		66E4DA4927F65FD800538B74 /* HelperUITests.swift */ = {isa = PBXFileReference; lastKnownFileType = sourcecode.swift; path = HelperUITests.swift; sourceTree = "<group>"; };
		66E4DA4B27F65FD800538B74 /* HelperUITestsLaunchTests.swift */ = {isa = PBXFileReference; lastKnownFileType = sourcecode.swift; path = HelperUITestsLaunchTests.swift; sourceTree = "<group>"; };
		66E89E14280CABF200A82085 /* UserData.xcdatamodel */ = {isa = PBXFileReference; lastKnownFileType = wrapper.xcdatamodel; path = UserData.xcdatamodel; sourceTree = "<group>"; };
		66E89E19280CAC9B00A82085 /* UserModel.swift */ = {isa = PBXFileReference; lastKnownFileType = sourcecode.swift; path = UserModel.swift; sourceTree = "<group>"; };
		66E89E1E280CAD1B00A82085 /* UserViewModel.swift */ = {isa = PBXFileReference; lastKnownFileType = sourcecode.swift; path = UserViewModel.swift; sourceTree = "<group>"; };
		66E89E22280CC40A00A82085 /* Persistence.swift */ = {isa = PBXFileReference; lastKnownFileType = sourcecode.swift; path = Persistence.swift; sourceTree = "<group>"; };
/* End PBXFileReference section */

/* Begin PBXFrameworksBuildPhase section */
		66E4DA2827F65FD600538B74 /* Frameworks */ = {
			isa = PBXFrameworksBuildPhase;
			buildActionMask = 2147483647;
			files = (
			);
			runOnlyForDeploymentPostprocessing = 0;
		};
		66E4DA3827F65FD700538B74 /* Frameworks */ = {
			isa = PBXFrameworksBuildPhase;
			buildActionMask = 2147483647;
			files = (
			);
			runOnlyForDeploymentPostprocessing = 0;
		};
		66E4DA4227F65FD800538B74 /* Frameworks */ = {
			isa = PBXFrameworksBuildPhase;
			buildActionMask = 2147483647;
			files = (
			);
			runOnlyForDeploymentPostprocessing = 0;
		};
/* End PBXFrameworksBuildPhase section */

/* Begin PBXGroup section */
		20D2459F27FDD5E9006FA73B /* Views */ = {
			isa = PBXGroup;
			children = (
				20EA35A027FC91FE00E1995B /* VolunteerProfile.swift */,
				20F5572527FF643A00B0B638 /* TaskDetailView.swift */,
				205CB54627FC5AF3004DBA8B /* AvailableTasksView.swift */,
				20DCAE1227FA2E9F00CBD253 /* VolunteerDashboard.swift */,
				20D2459D27FDD4D5006FA73B /* Location.swift */,
				20D245C427FE08BB006FA73B /* MapView.swift */,
			);
			path = Views;
			sourceTree = "<group>";
		};
		66E4DA2227F65FD600538B74 = {
			isa = PBXGroup;
			children = (
				66E4DA2D27F65FD600538B74 /* Helper */,
				66E4DA3E27F65FD700538B74 /* HelperTests */,
				66E4DA4827F65FD800538B74 /* HelperUITests */,
				66E4DA2C27F65FD600538B74 /* Products */,
			);
			sourceTree = "<group>";
		};
		66E4DA2C27F65FD600538B74 /* Products */ = {
			isa = PBXGroup;
			children = (
				66E4DA2B27F65FD600538B74 /* Helper.app */,
				66E4DA3B27F65FD700538B74 /* HelperTests.xctest */,
				66E4DA4527F65FD800538B74 /* HelperUITests.xctest */,
			);
			name = Products;
			sourceTree = "<group>";
		};
		66E4DA2D27F65FD600538B74 /* Helper */ = {
			isa = PBXGroup;
			children = (
				66E89E0C280CAB7000A82085 /* Data */,
				20DCAE1127FA1C0600CBD253 /* Info.plist */,
				66E4DA2E27F65FD600538B74 /* HelperApp.swift */,
				20D2459B27FDC7D1006FA73B /* ContentView.swift */,
				66E4DA3227F65FD700538B74 /* Assets.xcassets */,
				66E4DA3427F65FD700538B74 /* Preview Content */,
				20D2459F27FDD5E9006FA73B /* Views */,
			);
			path = Helper;
			sourceTree = "<group>";
		};
		66E4DA3427F65FD700538B74 /* Preview Content */ = {
			isa = PBXGroup;
			children = (
				66E4DA3527F65FD700538B74 /* Preview Assets.xcassets */,
			);
			path = "Preview Content";
			sourceTree = "<group>";
		};
		66E4DA3E27F65FD700538B74 /* HelperTests */ = {
			isa = PBXGroup;
			children = (
				66E4DA3F27F65FD700538B74 /* HelperTests.swift */,
			);
			path = HelperTests;
			sourceTree = "<group>";
		};
		66E4DA4827F65FD800538B74 /* HelperUITests */ = {
			isa = PBXGroup;
			children = (
				66E4DA4927F65FD800538B74 /* HelperUITests.swift */,
				66E4DA4B27F65FD800538B74 /* HelperUITestsLaunchTests.swift */,
			);
			path = HelperUITests;
			sourceTree = "<group>";
		};
		66E89E0C280CAB7000A82085 /* Data */ = {
			isa = PBXGroup;
			children = (
				66E89E1D280CAD0000A82085 /* ViewModel */,
				66E89E18280CAC7D00A82085 /* Model */,
				66E89E13280CABF200A82085 /* UserData.xcdatamodeld */,
				66E89E22280CC40A00A82085 /* Persistence.swift */,
			);
			path = Data;
			sourceTree = "<group>";
		};
		66E89E18280CAC7D00A82085 /* Model */ = {
			isa = PBXGroup;
			children = (
				66E89E19280CAC9B00A82085 /* UserModel.swift */,
			);
			path = Model;
			sourceTree = "<group>";
		};
		66E89E1D280CAD0000A82085 /* ViewModel */ = {
			isa = PBXGroup;
			children = (
				66E89E1E280CAD1B00A82085 /* UserViewModel.swift */,
			);
			path = ViewModel;
			sourceTree = "<group>";
		};
/* End PBXGroup section */

/* Begin PBXNativeTarget section */
		66E4DA2A27F65FD600538B74 /* Helper */ = {
			isa = PBXNativeTarget;
			buildConfigurationList = 66E4DA4F27F65FD800538B74 /* Build configuration list for PBXNativeTarget "Helper" */;
			buildPhases = (
				66E4DA2727F65FD600538B74 /* Sources */,
				66E4DA2827F65FD600538B74 /* Frameworks */,
				66E4DA2927F65FD600538B74 /* Resources */,
			);
			buildRules = (
			);
			dependencies = (
			);
			name = Helper;
			productName = Helper;
			productReference = 66E4DA2B27F65FD600538B74 /* Helper.app */;
			productType = "com.apple.product-type.application";
		};
		66E4DA3A27F65FD700538B74 /* HelperTests */ = {
			isa = PBXNativeTarget;
			buildConfigurationList = 66E4DA5227F65FD800538B74 /* Build configuration list for PBXNativeTarget "HelperTests" */;
			buildPhases = (
				66E4DA3727F65FD700538B74 /* Sources */,
				66E4DA3827F65FD700538B74 /* Frameworks */,
				66E4DA3927F65FD700538B74 /* Resources */,
			);
			buildRules = (
			);
			dependencies = (
				66E4DA3D27F65FD700538B74 /* PBXTargetDependency */,
			);
			name = HelperTests;
			productName = HelperTests;
			productReference = 66E4DA3B27F65FD700538B74 /* HelperTests.xctest */;
			productType = "com.apple.product-type.bundle.unit-test";
		};
		66E4DA4427F65FD800538B74 /* HelperUITests */ = {
			isa = PBXNativeTarget;
			buildConfigurationList = 66E4DA5527F65FD800538B74 /* Build configuration list for PBXNativeTarget "HelperUITests" */;
			buildPhases = (
				66E4DA4127F65FD800538B74 /* Sources */,
				66E4DA4227F65FD800538B74 /* Frameworks */,
				66E4DA4327F65FD800538B74 /* Resources */,
			);
			buildRules = (
			);
			dependencies = (
				66E4DA4727F65FD800538B74 /* PBXTargetDependency */,
			);
			name = HelperUITests;
			productName = HelperUITests;
			productReference = 66E4DA4527F65FD800538B74 /* HelperUITests.xctest */;
			productType = "com.apple.product-type.bundle.ui-testing";
		};
/* End PBXNativeTarget section */

/* Begin PBXProject section */
		66E4DA2327F65FD600538B74 /* Project object */ = {
			isa = PBXProject;
			attributes = {
				BuildIndependentTargetsInParallel = 1;
				LastSwiftUpdateCheck = 1320;
				LastUpgradeCheck = 1320;
				TargetAttributes = {
					66E4DA2A27F65FD600538B74 = {
						CreatedOnToolsVersion = 13.2.1;
					};
					66E4DA3A27F65FD700538B74 = {
						CreatedOnToolsVersion = 13.2.1;
						TestTargetID = 66E4DA2A27F65FD600538B74;
					};
					66E4DA4427F65FD800538B74 = {
						CreatedOnToolsVersion = 13.2.1;
						TestTargetID = 66E4DA2A27F65FD600538B74;
					};
				};
			};
			buildConfigurationList = 66E4DA2627F65FD600538B74 /* Build configuration list for PBXProject "Helper" */;
			compatibilityVersion = "Xcode 13.0";
			developmentRegion = en;
			hasScannedForEncodings = 0;
			knownRegions = (
				en,
				Base,
			);
			mainGroup = 66E4DA2227F65FD600538B74;
			productRefGroup = 66E4DA2C27F65FD600538B74 /* Products */;
			projectDirPath = "";
			projectRoot = "";
			targets = (
				66E4DA2A27F65FD600538B74 /* Helper */,
				66E4DA3A27F65FD700538B74 /* HelperTests */,
				66E4DA4427F65FD800538B74 /* HelperUITests */,
			);
		};
/* End PBXProject section */

/* Begin PBXResourcesBuildPhase section */
		66E4DA2927F65FD600538B74 /* Resources */ = {
			isa = PBXResourcesBuildPhase;
			buildActionMask = 2147483647;
			files = (
				66E4DA3627F65FD700538B74 /* Preview Assets.xcassets in Resources */,
				66E4DA3327F65FD700538B74 /* Assets.xcassets in Resources */,
			);
			runOnlyForDeploymentPostprocessing = 0;
		};
		66E4DA3927F65FD700538B74 /* Resources */ = {
			isa = PBXResourcesBuildPhase;
			buildActionMask = 2147483647;
			files = (
			);
			runOnlyForDeploymentPostprocessing = 0;
		};
		66E4DA4327F65FD800538B74 /* Resources */ = {
			isa = PBXResourcesBuildPhase;
			buildActionMask = 2147483647;
			files = (
			);
			runOnlyForDeploymentPostprocessing = 0;
		};
/* End PBXResourcesBuildPhase section */

/* Begin PBXSourcesBuildPhase section */
		66E4DA2727F65FD600538B74 /* Sources */ = {
			isa = PBXSourcesBuildPhase;
			buildActionMask = 2147483647;
			files = (
				66E89E15280CABF200A82085 /* UserData.xcdatamodeld in Sources */,
				66E89E1F280CAD1B00A82085 /* UserViewModel.swift in Sources */,
				20F5572627FF643A00B0B638 /* TaskDetailView.swift in Sources */,
				205CB54727FC5AF3004DBA8B /* AvailableTasksView.swift in Sources */,
				20D2459C27FDC7D1006FA73B /* ContentView.swift in Sources */,
				66E4DA2F27F65FD600538B74 /* HelperApp.swift in Sources */,
				20EA35A127FC91FE00E1995B /* VolunteerProfile.swift in Sources */,
				20D2459E27FDD4D5006FA73B /* Location.swift in Sources */,
				20DCAE1327FA2E9F00CBD253 /* VolunteerDashboard.swift in Sources */,
				66E89E23280CC40A00A82085 /* Persistence.swift in Sources */,
				66E89E1A280CAC9B00A82085 /* UserModel.swift in Sources */,
				20D245C527FE08BB006FA73B /* MapView.swift in Sources */,
			);
			runOnlyForDeploymentPostprocessing = 0;
		};
		66E4DA3727F65FD700538B74 /* Sources */ = {
			isa = PBXSourcesBuildPhase;
			buildActionMask = 2147483647;
			files = (
				66E89E16280CABF200A82085 /* UserData.xcdatamodeld in Sources */,
				66E89E20280CAD1B00A82085 /* UserViewModel.swift in Sources */,
				66E89E1B280CAC9B00A82085 /* UserModel.swift in Sources */,
				66E4DA4027F65FD700538B74 /* HelperTests.swift in Sources */,
			);
			runOnlyForDeploymentPostprocessing = 0;
		};
		66E4DA4127F65FD800538B74 /* Sources */ = {
			isa = PBXSourcesBuildPhase;
			buildActionMask = 2147483647;
			files = (
				66E89E17280CABF200A82085 /* UserData.xcdatamodeld in Sources */,
				66E4DA4C27F65FD800538B74 /* HelperUITestsLaunchTests.swift in Sources */,
				66E89E1C280CAC9B00A82085 /* UserModel.swift in Sources */,
				66E89E21280CAD1B00A82085 /* UserViewModel.swift in Sources */,
				66E4DA4A27F65FD800538B74 /* HelperUITests.swift in Sources */,
			);
			runOnlyForDeploymentPostprocessing = 0;
		};
/* End PBXSourcesBuildPhase section */

/* Begin PBXTargetDependency section */
		66E4DA3D27F65FD700538B74 /* PBXTargetDependency */ = {
			isa = PBXTargetDependency;
			target = 66E4DA2A27F65FD600538B74 /* Helper */;
			targetProxy = 66E4DA3C27F65FD700538B74 /* PBXContainerItemProxy */;
		};
		66E4DA4727F65FD800538B74 /* PBXTargetDependency */ = {
			isa = PBXTargetDependency;
			target = 66E4DA2A27F65FD600538B74 /* Helper */;
			targetProxy = 66E4DA4627F65FD800538B74 /* PBXContainerItemProxy */;
		};
/* End PBXTargetDependency section */

/* Begin XCBuildConfiguration section */
		66E4DA4D27F65FD800538B74 /* Debug */ = {
			isa = XCBuildConfiguration;
			buildSettings = {
				ALWAYS_SEARCH_USER_PATHS = NO;
				CLANG_ANALYZER_NONNULL = YES;
				CLANG_ANALYZER_NUMBER_OBJECT_CONVERSION = YES_AGGRESSIVE;
				CLANG_CXX_LANGUAGE_STANDARD = "gnu++17";
				CLANG_CXX_LIBRARY = "libc++";
				CLANG_ENABLE_MODULES = YES;
				CLANG_ENABLE_OBJC_ARC = YES;
				CLANG_ENABLE_OBJC_WEAK = YES;
				CLANG_WARN_BLOCK_CAPTURE_AUTORELEASING = YES;
				CLANG_WARN_BOOL_CONVERSION = YES;
				CLANG_WARN_COMMA = YES;
				CLANG_WARN_CONSTANT_CONVERSION = YES;
				CLANG_WARN_DEPRECATED_OBJC_IMPLEMENTATIONS = YES;
				CLANG_WARN_DIRECT_OBJC_ISA_USAGE = YES_ERROR;
				CLANG_WARN_DOCUMENTATION_COMMENTS = YES;
				CLANG_WARN_EMPTY_BODY = YES;
				CLANG_WARN_ENUM_CONVERSION = YES;
				CLANG_WARN_INFINITE_RECURSION = YES;
				CLANG_WARN_INT_CONVERSION = YES;
				CLANG_WARN_NON_LITERAL_NULL_CONVERSION = YES;
				CLANG_WARN_OBJC_IMPLICIT_RETAIN_SELF = YES;
				CLANG_WARN_OBJC_LITERAL_CONVERSION = YES;
				CLANG_WARN_OBJC_ROOT_CLASS = YES_ERROR;
				CLANG_WARN_QUOTED_INCLUDE_IN_FRAMEWORK_HEADER = YES;
				CLANG_WARN_RANGE_LOOP_ANALYSIS = YES;
				CLANG_WARN_STRICT_PROTOTYPES = YES;
				CLANG_WARN_SUSPICIOUS_MOVE = YES;
				CLANG_WARN_UNGUARDED_AVAILABILITY = YES_AGGRESSIVE;
				CLANG_WARN_UNREACHABLE_CODE = YES;
				CLANG_WARN__DUPLICATE_METHOD_MATCH = YES;
				COPY_PHASE_STRIP = NO;
				DEBUG_INFORMATION_FORMAT = dwarf;
				ENABLE_STRICT_OBJC_MSGSEND = YES;
				ENABLE_TESTABILITY = YES;
				GCC_C_LANGUAGE_STANDARD = gnu11;
				GCC_DYNAMIC_NO_PIC = NO;
				GCC_NO_COMMON_BLOCKS = YES;
				GCC_OPTIMIZATION_LEVEL = 0;
				GCC_PREPROCESSOR_DEFINITIONS = (
					"DEBUG=1",
					"$(inherited)",
				);
				GCC_WARN_64_TO_32_BIT_CONVERSION = YES;
				GCC_WARN_ABOUT_RETURN_TYPE = YES_ERROR;
				GCC_WARN_UNDECLARED_SELECTOR = YES;
				GCC_WARN_UNINITIALIZED_AUTOS = YES_AGGRESSIVE;
				GCC_WARN_UNUSED_FUNCTION = YES;
				GCC_WARN_UNUSED_VARIABLE = YES;
				IPHONEOS_DEPLOYMENT_TARGET = 15.2;
				MTL_ENABLE_DEBUG_INFO = INCLUDE_SOURCE;
				MTL_FAST_MATH = YES;
				ONLY_ACTIVE_ARCH = YES;
				SDKROOT = iphoneos;
				SWIFT_ACTIVE_COMPILATION_CONDITIONS = DEBUG;
				SWIFT_OPTIMIZATION_LEVEL = "-Onone";
			};
			name = Debug;
		};
		66E4DA4E27F65FD800538B74 /* Release */ = {
			isa = XCBuildConfiguration;
			buildSettings = {
				ALWAYS_SEARCH_USER_PATHS = NO;
				CLANG_ANALYZER_NONNULL = YES;
				CLANG_ANALYZER_NUMBER_OBJECT_CONVERSION = YES_AGGRESSIVE;
				CLANG_CXX_LANGUAGE_STANDARD = "gnu++17";
				CLANG_CXX_LIBRARY = "libc++";
				CLANG_ENABLE_MODULES = YES;
				CLANG_ENABLE_OBJC_ARC = YES;
				CLANG_ENABLE_OBJC_WEAK = YES;
				CLANG_WARN_BLOCK_CAPTURE_AUTORELEASING = YES;
				CLANG_WARN_BOOL_CONVERSION = YES;
				CLANG_WARN_COMMA = YES;
				CLANG_WARN_CONSTANT_CONVERSION = YES;
				CLANG_WARN_DEPRECATED_OBJC_IMPLEMENTATIONS = YES;
				CLANG_WARN_DIRECT_OBJC_ISA_USAGE = YES_ERROR;
				CLANG_WARN_DOCUMENTATION_COMMENTS = YES;
				CLANG_WARN_EMPTY_BODY = YES;
				CLANG_WARN_ENUM_CONVERSION = YES;
				CLANG_WARN_INFINITE_RECURSION = YES;
				CLANG_WARN_INT_CONVERSION = YES;
				CLANG_WARN_NON_LITERAL_NULL_CONVERSION = YES;
				CLANG_WARN_OBJC_IMPLICIT_RETAIN_SELF = YES;
				CLANG_WARN_OBJC_LITERAL_CONVERSION = YES;
				CLANG_WARN_OBJC_ROOT_CLASS = YES_ERROR;
				CLANG_WARN_QUOTED_INCLUDE_IN_FRAMEWORK_HEADER = YES;
				CLANG_WARN_RANGE_LOOP_ANALYSIS = YES;
				CLANG_WARN_STRICT_PROTOTYPES = YES;
				CLANG_WARN_SUSPICIOUS_MOVE = YES;
				CLANG_WARN_UNGUARDED_AVAILABILITY = YES_AGGRESSIVE;
				CLANG_WARN_UNREACHABLE_CODE = YES;
				CLANG_WARN__DUPLICATE_METHOD_MATCH = YES;
				COPY_PHASE_STRIP = NO;
				DEBUG_INFORMATION_FORMAT = "dwarf-with-dsym";
				ENABLE_NS_ASSERTIONS = NO;
				ENABLE_STRICT_OBJC_MSGSEND = YES;
				GCC_C_LANGUAGE_STANDARD = gnu11;
				GCC_NO_COMMON_BLOCKS = YES;
				GCC_WARN_64_TO_32_BIT_CONVERSION = YES;
				GCC_WARN_ABOUT_RETURN_TYPE = YES_ERROR;
				GCC_WARN_UNDECLARED_SELECTOR = YES;
				GCC_WARN_UNINITIALIZED_AUTOS = YES_AGGRESSIVE;
				GCC_WARN_UNUSED_FUNCTION = YES;
				GCC_WARN_UNUSED_VARIABLE = YES;
				IPHONEOS_DEPLOYMENT_TARGET = 15.2;
				MTL_ENABLE_DEBUG_INFO = NO;
				MTL_FAST_MATH = YES;
				SDKROOT = iphoneos;
				SWIFT_COMPILATION_MODE = wholemodule;
				SWIFT_OPTIMIZATION_LEVEL = "-O";
				VALIDATE_PRODUCT = YES;
			};
			name = Release;
		};
		66E4DA5027F65FD800538B74 /* Debug */ = {
			isa = XCBuildConfiguration;
			buildSettings = {
				ASSETCATALOG_COMPILER_APPICON_NAME = AppIcon;
				ASSETCATALOG_COMPILER_GLOBAL_ACCENT_COLOR_NAME = AccentColor;
				CODE_SIGN_STYLE = Automatic;
				CURRENT_PROJECT_VERSION = 1;
				DEVELOPMENT_ASSET_PATHS = "\"Helper/Preview Content\"";
				ENABLE_PREVIEWS = YES;
				GENERATE_INFOPLIST_FILE = YES;
				INFOPLIST_FILE = Helper/Info.plist;
				INFOPLIST_KEY_UIApplicationSceneManifest_Generation = YES;
				INFOPLIST_KEY_UIApplicationSupportsIndirectInputEvents = YES;
				INFOPLIST_KEY_UISupportedInterfaceOrientations_iPad = "UIInterfaceOrientationPortrait UIInterfaceOrientationPortraitUpsideDown UIInterfaceOrientationLandscapeLeft UIInterfaceOrientationLandscapeRight";
				INFOPLIST_KEY_UISupportedInterfaceOrientations_iPhone = "UIInterfaceOrientationPortrait UIInterfaceOrientationLandscapeLeft UIInterfaceOrientationLandscapeRight";
				LD_RUNPATH_SEARCH_PATHS = (
					"$(inherited)",
					"@executable_path/Frameworks",
				);
				MARKETING_VERSION = 1.0;
				PRODUCT_BUNDLE_IDENTIFIER = "SonDang-MyMai-AnHuynh.Helper";
				PRODUCT_NAME = "$(TARGET_NAME)";
				SWIFT_EMIT_LOC_STRINGS = YES;
				SWIFT_VERSION = 5.0;
				TARGETED_DEVICE_FAMILY = "1,2";
			};
			name = Debug;
		};
		66E4DA5127F65FD800538B74 /* Release */ = {
			isa = XCBuildConfiguration;
			buildSettings = {
				ASSETCATALOG_COMPILER_APPICON_NAME = AppIcon;
				ASSETCATALOG_COMPILER_GLOBAL_ACCENT_COLOR_NAME = AccentColor;
				CODE_SIGN_STYLE = Automatic;
				CURRENT_PROJECT_VERSION = 1;
				DEVELOPMENT_ASSET_PATHS = "\"Helper/Preview Content\"";
				ENABLE_PREVIEWS = YES;
				GENERATE_INFOPLIST_FILE = YES;
				INFOPLIST_FILE = Helper/Info.plist;
				INFOPLIST_KEY_UIApplicationSceneManifest_Generation = YES;
				INFOPLIST_KEY_UIApplicationSupportsIndirectInputEvents = YES;
				INFOPLIST_KEY_UISupportedInterfaceOrientations_iPad = "UIInterfaceOrientationPortrait UIInterfaceOrientationPortraitUpsideDown UIInterfaceOrientationLandscapeLeft UIInterfaceOrientationLandscapeRight";
				INFOPLIST_KEY_UISupportedInterfaceOrientations_iPhone = "UIInterfaceOrientationPortrait UIInterfaceOrientationLandscapeLeft UIInterfaceOrientationLandscapeRight";
				LD_RUNPATH_SEARCH_PATHS = (
					"$(inherited)",
					"@executable_path/Frameworks",
				);
				MARKETING_VERSION = 1.0;
				PRODUCT_BUNDLE_IDENTIFIER = "SonDang-MyMai-AnHuynh.Helper";
				PRODUCT_NAME = "$(TARGET_NAME)";
				SWIFT_EMIT_LOC_STRINGS = YES;
				SWIFT_VERSION = 5.0;
				TARGETED_DEVICE_FAMILY = "1,2";
			};
			name = Release;
		};
		66E4DA5327F65FD800538B74 /* Debug */ = {
			isa = XCBuildConfiguration;
			buildSettings = {
				ALWAYS_EMBED_SWIFT_STANDARD_LIBRARIES = YES;
				BUNDLE_LOADER = "$(TEST_HOST)";
				CODE_SIGN_STYLE = Automatic;
				CURRENT_PROJECT_VERSION = 1;
				GENERATE_INFOPLIST_FILE = YES;
				IPHONEOS_DEPLOYMENT_TARGET = 15.2;
				MARKETING_VERSION = 1.0;
				PRODUCT_BUNDLE_IDENTIFIER = "SonDang-MyMai-AnHuynh.HelperTests";
				PRODUCT_NAME = "$(TARGET_NAME)";
				SWIFT_EMIT_LOC_STRINGS = NO;
				SWIFT_VERSION = 5.0;
				TARGETED_DEVICE_FAMILY = "1,2";
				TEST_HOST = "$(BUILT_PRODUCTS_DIR)/Helper.app/Helper";
			};
			name = Debug;
		};
		66E4DA5427F65FD800538B74 /* Release */ = {
			isa = XCBuildConfiguration;
			buildSettings = {
				ALWAYS_EMBED_SWIFT_STANDARD_LIBRARIES = YES;
				BUNDLE_LOADER = "$(TEST_HOST)";
				CODE_SIGN_STYLE = Automatic;
				CURRENT_PROJECT_VERSION = 1;
				GENERATE_INFOPLIST_FILE = YES;
				IPHONEOS_DEPLOYMENT_TARGET = 15.2;
				MARKETING_VERSION = 1.0;
				PRODUCT_BUNDLE_IDENTIFIER = "SonDang-MyMai-AnHuynh.HelperTests";
				PRODUCT_NAME = "$(TARGET_NAME)";
				SWIFT_EMIT_LOC_STRINGS = NO;
				SWIFT_VERSION = 5.0;
				TARGETED_DEVICE_FAMILY = "1,2";
				TEST_HOST = "$(BUILT_PRODUCTS_DIR)/Helper.app/Helper";
			};
			name = Release;
		};
		66E4DA5627F65FD800538B74 /* Debug */ = {
			isa = XCBuildConfiguration;
			buildSettings = {
				ALWAYS_EMBED_SWIFT_STANDARD_LIBRARIES = YES;
				CODE_SIGN_STYLE = Automatic;
				CURRENT_PROJECT_VERSION = 1;
				GENERATE_INFOPLIST_FILE = YES;
				MARKETING_VERSION = 1.0;
				PRODUCT_BUNDLE_IDENTIFIER = "SonDang-MyMai-AnHuynh.HelperUITests";
				PRODUCT_NAME = "$(TARGET_NAME)";
				SWIFT_EMIT_LOC_STRINGS = NO;
				SWIFT_VERSION = 5.0;
				TARGETED_DEVICE_FAMILY = "1,2";
				TEST_TARGET_NAME = Helper;
			};
			name = Debug;
		};
		66E4DA5727F65FD800538B74 /* Release */ = {
			isa = XCBuildConfiguration;
			buildSettings = {
				ALWAYS_EMBED_SWIFT_STANDARD_LIBRARIES = YES;
				CODE_SIGN_STYLE = Automatic;
				CURRENT_PROJECT_VERSION = 1;
				GENERATE_INFOPLIST_FILE = YES;
				MARKETING_VERSION = 1.0;
				PRODUCT_BUNDLE_IDENTIFIER = "SonDang-MyMai-AnHuynh.HelperUITests";
				PRODUCT_NAME = "$(TARGET_NAME)";
				SWIFT_EMIT_LOC_STRINGS = NO;
				SWIFT_VERSION = 5.0;
				TARGETED_DEVICE_FAMILY = "1,2";
				TEST_TARGET_NAME = Helper;
			};
			name = Release;
		};
/* End XCBuildConfiguration section */

/* Begin XCConfigurationList section */
		66E4DA2627F65FD600538B74 /* Build configuration list for PBXProject "Helper" */ = {
			isa = XCConfigurationList;
			buildConfigurations = (
				66E4DA4D27F65FD800538B74 /* Debug */,
				66E4DA4E27F65FD800538B74 /* Release */,
			);
			defaultConfigurationIsVisible = 0;
			defaultConfigurationName = Release;
		};
		66E4DA4F27F65FD800538B74 /* Build configuration list for PBXNativeTarget "Helper" */ = {
			isa = XCConfigurationList;
			buildConfigurations = (
				66E4DA5027F65FD800538B74 /* Debug */,
				66E4DA5127F65FD800538B74 /* Release */,
			);
			defaultConfigurationIsVisible = 0;
			defaultConfigurationName = Release;
		};
		66E4DA5227F65FD800538B74 /* Build configuration list for PBXNativeTarget "HelperTests" */ = {
			isa = XCConfigurationList;
			buildConfigurations = (
				66E4DA5327F65FD800538B74 /* Debug */,
				66E4DA5427F65FD800538B74 /* Release */,
			);
			defaultConfigurationIsVisible = 0;
			defaultConfigurationName = Release;
		};
		66E4DA5527F65FD800538B74 /* Build configuration list for PBXNativeTarget "HelperUITests" */ = {
			isa = XCConfigurationList;
			buildConfigurations = (
				66E4DA5627F65FD800538B74 /* Debug */,
				66E4DA5727F65FD800538B74 /* Release */,
			);
			defaultConfigurationIsVisible = 0;
			defaultConfigurationName = Release;
		};
/* End XCConfigurationList section */

/* Begin XCVersionGroup section */
		66E89E13280CABF200A82085 /* UserData.xcdatamodeld */ = {
			isa = XCVersionGroup;
			children = (
				66E89E14280CABF200A82085 /* UserData.xcdatamodel */,
			);
			currentVersion = 66E89E14280CABF200A82085 /* UserData.xcdatamodel */;
			path = UserData.xcdatamodeld;
			sourceTree = "<group>";
			versionGroupType = wrapper.xcdatamodel;
		};
/* End XCVersionGroup section */
	};
	rootObject = 66E4DA2327F65FD600538B74 /* Project object */;
}
